version = 1
revision = 3
requires-python = ">=3.11"

[[package]]
name = "aiofiles"
version = "25.1.0"
source = { registry = "https://pypi.org/simple" }
sdist = { url = "https://files.pythonhosted.org/packages/41/c3/534eac40372d8ee36ef40df62ec129bee4fdb5ad9706e58a29be53b2c970/aiofiles-25.1.0.tar.gz", hash = "sha256:a8d728f0a29de45dc521f18f07297428d56992a742f0cd2701ba86e44d23d5b2", size = 46354, upload-time = "2025-10-09T20:51:04.358Z" }
wheels = [
    { url = "https://files.pythonhosted.org/packages/bc/8a/340a1555ae33d7354dbca4faa54948d76d89a27ceef032c8c3bc661d003e/aiofiles-25.1.0-py3-none-any.whl", hash = "sha256:abe311e527c862958650f9438e859c1fa7568a141b22abcd015e120e86a85695", size = 14668, upload-time = "2025-10-09T20:51:03.174Z" },
]

[[package]]
name = "asyncio"
version = "0.1.0"
source = { virtual = "." }
dependencies = [
    { name = "aiofiles" },
    { name = "asyncpg" },
    { name = "b" },
    { name = "black" },
    { name = "edgedb" },
]

[package.metadata]
requires-dist = [
    { name = "aiofiles", specifier = ">=25.1.0" },
    { name = "asyncpg", specifier = ">=0.31.0" },
    { name = "b", specifier = ">=1.0.0" },
    { name = "black", specifier = ">=25.12.0" },
    { name = "edgedb", specifier = ">=2.2.0" },
]

[[package]]
name = "asyncpg"
version = "0.31.0"
source = { registry = "https://pypi.org/simple" }
sdist = { url = "https://files.pythonhosted.org/packages/fe/cc/d18065ce2380d80b1bcce927c24a2642efd38918e33fd724bc4bca904877/asyncpg-0.31.0.tar.gz", hash = "sha256:c989386c83940bfbd787180f2b1519415e2d3d6277a70d9d0f0145ac73500735", size = 993667, upload-time = "2025-11-24T23:27:00.812Z" }
wheels = [
    { url = "https://files.pythonhosted.org/packages/08/17/cc02bc49bc350623d050fa139e34ea512cd6e020562f2a7312a7bcae4bc9/asyncpg-0.31.0-cp311-cp311-macosx_10_9_x86_64.whl", hash = "sha256:eee690960e8ab85063ba93af2ce128c0f52fd655fdff9fdb1a28df01329f031d", size = 643159, upload-time = "2025-11-24T23:25:36.443Z" },
    { url = "https://files.pythonhosted.org/packages/a4/62/4ded7d400a7b651adf06f49ea8f73100cca07c6df012119594d1e3447aa6/asyncpg-0.31.0-cp311-cp311-macosx_11_0_arm64.whl", hash = "sha256:2657204552b75f8288de08ca60faf4a99a65deef3a71d1467454123205a88fab", size = 638157, upload-time = "2025-11-24T23:25:37.89Z" },
    { url = "https://files.pythonhosted.org/packages/d6/5b/4179538a9a72166a0bf60ad783b1ef16efb7960e4d7b9afe9f77a5551680/asyncpg-0.31.0-cp311-cp311-manylinux2014_aarch64.manylinux_2_17_aarch64.manylinux_2_28_aarch64.whl", hash = "sha256:a429e842a3a4b4ea240ea52d7fe3f82d5149853249306f7ff166cb9948faa46c", size = 2918051, upload-time = "2025-11-24T23:25:39.461Z" },
    { url = "https://files.pythonhosted.org/packages/e6/35/c27719ae0536c5b6e61e4701391ffe435ef59539e9360959240d6e47c8c8/asyncpg-0.31.0-cp311-cp311-manylinux2014_x86_64.manylinux_2_17_x86_64.manylinux_2_28_x86_64.whl", hash = "sha256:c0807be46c32c963ae40d329b3a686356e417f674c976c07fa49f1b30303f109", size = 2972640, upload-time = "2025-11-24T23:25:41.512Z" },
    { url = "https://files.pythonhosted.org/packages/43/f4/01ebb9207f29e645a64699b9ce0eefeff8e7a33494e1d29bb53736f7766b/asyncpg-0.31.0-cp311-cp311-musllinux_1_2_aarch64.whl", hash = "sha256:e5d5098f63beeae93512ee513d4c0c53dc12e9aa2b7a1af5a81cddf93fe4e4da", size = 2851050, upload-time = "2025-11-24T23:25:43.153Z" },
    { url = "https://files.pythonhosted.org/packages/3e/f4/03ff1426acc87be0f4e8d40fa2bff5c3952bef0080062af9efc2212e3be8/asyncpg-0.31.0-cp311-cp311-musllinux_1_2_x86_64.whl", hash = "sha256:37fc6c00a814e18eef51833545d1891cac9aa69140598bb076b4cd29b3e010b9", size = 2962574, upload-time = "2025-11-24T23:25:44.942Z" },
    { url = "https://files.pythonhosted.org/packages/c7/39/cc788dfca3d4060f9d93e67be396ceec458dfc429e26139059e58c2c244d/asyncpg-0.31.0-cp311-cp311-win32.whl", hash = "sha256:5a4af56edf82a701aece93190cc4e094d2df7d33f6e915c222fb09efbb5afc24", size = 521076, upload-time = "2025-11-24T23:25:46.486Z" },
    { url = "https://files.pythonhosted.org/packages/28/fc/735af5384c029eb7f1ca60ccb8fa95521dbdaeef788edf4cecfc604c3cab/asyncpg-0.31.0-cp311-cp311-win_amd64.whl", hash = "sha256:480c4befbdf079c14c9ca43c8c5e1fe8b6296c96f1f927158d4f1e750aacc047", size = 584980, upload-time = "2025-11-24T23:25:47.938Z" },
    { url = "https://files.pythonhosted.org/packages/2a/a6/59d0a146e61d20e18db7396583242e32e0f120693b67a8de43f1557033e2/asyncpg-0.31.0-cp312-cp312-macosx_10_13_x86_64.whl", hash = "sha256:b44c31e1efc1c15188ef183f287c728e2046abb1d26af4d20858215d50d91fad", size = 662042, upload-time = "2025-11-24T23:25:49.578Z" },
    { url = "https://files.pythonhosted.org/packages/36/01/ffaa189dcb63a2471720615e60185c3f6327716fdc0fc04334436fbb7c65/asyncpg-0.31.0-cp312-cp312-macosx_11_0_arm64.whl", hash = "sha256:0c89ccf741c067614c9b5fc7f1fc6f3b61ab05ae4aaa966e6fd6b93097c7d20d", size = 638504, upload-time = "2025-11-24T23:25:51.501Z" },
    { url = "https://files.pythonhosted.org/packages/9f/62/3f699ba45d8bd24c5d65392190d19656d74ff0185f42e19d0bbd973bb371/asyncpg-0.31.0-cp312-cp312-manylinux_2_28_aarch64.whl", hash = "sha256:12b3b2e39dc5470abd5e98c8d3373e4b1d1234d9fbdedf538798b2c13c64460a", size = 3426241, upload-time = "2025-11-24T23:25:53.278Z" },
    { url = "https://files.pythonhosted.org/packages/8c/d1/a867c2150f9c6e7af6462637f613ba67f78a314b00db220cd26ff559d532/asyncpg-0.31.0-cp312-cp312-manylinux_2_28_x86_64.whl", hash = "sha256:aad7a33913fb8bcb5454313377cc330fbb19a0cd5faa7272407d8a0c4257b671", size = 3520321, upload-time = "2025-11-24T23:25:54.982Z" },
    { url = "https://files.pythonhosted.org/packages/7a/1a/cce4c3f246805ecd285a3591222a2611141f1669d002163abef999b60f98/asyncpg-0.31.0-cp312-cp312-musllinux_1_2_aarch64.whl", hash = "sha256:3df118d94f46d85b2e434fd62c84cb66d5834d5a890725fe625f498e72e4d5ec", size = 3316685, upload-time = "2025-11-24T23:25:57.43Z" },
    { url = "https://files.pythonhosted.org/packages/40/ae/0fc961179e78cc579e138fad6eb580448ecae64908f95b8cb8ee2f241f67/asyncpg-0.31.0-cp312-cp312-musllinux_1_2_x86_64.whl", hash = "sha256:bd5b6efff3c17c3202d4b37189969acf8927438a238c6257f66be3c426beba20", size = 3471858, upload-time = "2025-11-24T23:25:59.636Z" },
    { url = "https://files.pythonhosted.org/packages/52/b2/b20e09670be031afa4cbfabd645caece7f85ec62d69c312239de568e058e/asyncpg-0.31.0-cp312-cp312-win32.whl", hash = "sha256:027eaa61361ec735926566f995d959ade4796f6a49d3bde17e5134b9964f9ba8", size = 527852, upload-time = "2025-11-24T23:26:01.084Z" },
    { url = "https://files.pythonhosted.org/packages/b5/f0/f2ed1de154e15b107dc692262395b3c17fc34eafe2a78fc2115931561730/asyncpg-0.31.0-cp312-cp312-win_amd64.whl", hash = "sha256:72d6bdcbc93d608a1158f17932de2321f68b1a967a13e014998db87a72ed3186", size = 597175, upload-time = "2025-11-24T23:26:02.564Z" },
    { url = "https://files.pythonhosted.org/packages/95/11/97b5c2af72a5d0b9bc3fa30cd4b9ce22284a9a943a150fdc768763caf035/asyncpg-0.31.0-cp313-cp313-macosx_10_13_x86_64.whl", hash = "sha256:c204fab1b91e08b0f47e90a75d1b3c62174dab21f670ad6c5d0f243a228f015b", size = 661111, upload-time = "2025-11-24T23:26:04.467Z" },
    { url = "https://files.pythonhosted.org/packages/1b/71/157d611c791a5e2d0423f09f027bd499935f0906e0c2a416ce712ba51ef3/asyncpg-0.31.0-cp313-cp313-macosx_11_0_arm64.whl", hash = "sha256:54a64f91839ba59008eccf7aad2e93d6e3de688d796f35803235ea1c4898ae1e", size = 636928, upload-time = "2025-11-24T23:26:05.944Z" },
    { url = "https://files.pythonhosted.org/packages/2e/fc/9e3486fb2bbe69d4a867c0b76d68542650a7ff1574ca40e84c3111bb0c6e/asyncpg-0.31.0-cp313-cp313-manylinux2014_aarch64.manylinux_2_17_aarch64.manylinux_2_28_aarch64.whl", hash = "sha256:c0e0822b1038dc7253b337b0f3f676cadc4ac31b126c5d42691c39691962e403", size = 3424067, upload-time = "2025-11-24T23:26:07.957Z" },
    { url = "https://files.pythonhosted.org/packages/12/c6/8c9d076f73f07f995013c791e018a1cd5f31823c2a3187fc8581706aa00f/asyncpg-0.31.0-cp313-cp313-manylinux2014_x86_64.manylinux_2_17_x86_64.manylinux_2_28_x86_64.whl", hash = "sha256:bef056aa502ee34204c161c72ca1f3c274917596877f825968368b2c33f585f4", size = 3518156, upload-time = "2025-11-24T23:26:09.591Z" },
    { url = "https://files.pythonhosted.org/packages/ae/3b/60683a0baf50fbc546499cfb53132cb6835b92b529a05f6a81471ab60d0c/asyncpg-0.31.0-cp313-cp313-musllinux_1_2_aarch64.whl", hash = "sha256:0bfbcc5b7ffcd9b75ab1558f00db2ae07db9c80637ad1b2469c43df79d7a5ae2", size = 3319636, upload-time = "2025-11-24T23:26:11.168Z" },
    { url = "https://files.pythonhosted.org/packages/50/dc/8487df0f69bd398a61e1792b3cba0e47477f214eff085ba0efa7eac9ce87/asyncpg-0.31.0-cp313-cp313-musllinux_1_2_x86_64.whl", hash = "sha256:22bc525ebbdc24d1261ecbf6f504998244d4e3be1721784b5f64664d61fbe602", size = 3472079, upload-time = "2025-11-24T23:26:13.164Z" },
    { url = "https://files.pythonhosted.org/packages/13/a1/c5bbeeb8531c05c89135cb8b28575ac2fac618bcb60119ee9696c3faf71c/asyncpg-0.31.0-cp313-cp313-win32.whl", hash = "sha256:f890de5e1e4f7e14023619399a471ce4b71f5418cd67a51853b9910fdfa73696", size = 527606, upload-time = "2025-11-24T23:26:14.78Z" },
    { url = "https://files.pythonhosted.org/packages/91/66/b25ccb84a246b470eb943b0107c07edcae51804912b824054b3413995a10/asyncpg-0.31.0-cp313-cp313-win_amd64.whl", hash = "sha256:dc5f2fa9916f292e5c5c8b2ac2813763bcd7f58e130055b4ad8a0531314201ab", size = 596569, upload-time = "2025-11-24T23:26:16.189Z" },
    { url = "https://files.pythonhosted.org/packages/3c/36/e9450d62e84a13aea6580c83a47a437f26c7ca6fa0f0fd40b6670793ea30/asyncpg-0.31.0-cp314-cp314-macosx_10_15_x86_64.whl", hash = "sha256:f6b56b91bb0ffc328c4e3ed113136cddd9deefdf5f79ab448598b9772831df44", size = 660867, upload-time = "2025-11-24T23:26:17.631Z" },
    { url = "https://files.pythonhosted.org/packages/82/4b/1d0a2b33b3102d210439338e1beea616a6122267c0df459ff0265cd5807a/asyncpg-0.31.0-cp314-cp314-macosx_11_0_arm64.whl", hash = "sha256:334dec28cf20d7f5bb9e45b39546ddf247f8042a690bff9b9573d00086e69cb5", size = 638349, upload-time = "2025-11-24T23:26:19.689Z" },
    { url = "https://files.pythonhosted.org/packages/41/aa/e7f7ac9a7974f08eff9183e392b2d62516f90412686532d27e196c0f0eeb/asyncpg-0.31.0-cp314-cp314-manylinux2014_aarch64.manylinux_2_17_aarch64.manylinux_2_28_aarch64.whl", hash = "sha256:98cc158c53f46de7bb677fd20c417e264fc02b36d901cc2a43bd6cb0dc6dbfd2", size = 3410428, upload-time = "2025-11-24T23:26:21.275Z" },
    { url = "https://files.pythonhosted.org/packages/6f/de/bf1b60de3dede5c2731e6788617a512bc0ebd9693eac297ee74086f101d7/asyncpg-0.31.0-cp314-cp314-manylinux2014_x86_64.manylinux_2_17_x86_64.manylinux_2_28_x86_64.whl", hash = "sha256:9322b563e2661a52e3cdbc93eed3be7748b289f792e0011cb2720d278b366ce2", size = 3471678, upload-time = "2025-11-24T23:26:23.627Z" },
    { url = "https://files.pythonhosted.org/packages/46/78/fc3ade003e22d8bd53aaf8f75f4be48f0b460fa73738f0391b9c856a9147/asyncpg-0.31.0-cp314-cp314-musllinux_1_2_aarch64.whl", hash = "sha256:19857a358fc811d82227449b7ca40afb46e75b33eb8897240c3839dd8b744218", size = 3313505, upload-time = "2025-11-24T23:26:25.235Z" },
    { url = "https://files.pythonhosted.org/packages/bf/e9/73eb8a6789e927816f4705291be21f2225687bfa97321e40cd23055e903a/asyncpg-0.31.0-cp314-cp314-musllinux_1_2_x86_64.whl", hash = "sha256:ba5f8886e850882ff2c2ace5732300e99193823e8107e2c53ef01c1ebfa1e85d", size = 3434744, upload-time = "2025-11-24T23:26:26.944Z" },
    { url = "https://files.pythonhosted.org/packages/08/4b/f10b880534413c65c5b5862f79b8e81553a8f364e5238832ad4c0af71b7f/asyncpg-0.31.0-cp314-cp314-win32.whl", hash = "sha256:cea3a0b2a14f95834cee29432e4ddc399b95700eb1d51bbc5bfee8f31fa07b2b", size = 532251, upload-time = "2025-11-24T23:26:28.404Z" },
    { url = "https://files.pythonhosted.org/packages/d3/2d/7aa40750b7a19efa5d66e67fc06008ca0f27ba1bd082e457ad82f59aba49/asyncpg-0.31.0-cp314-cp314-win_amd64.whl", hash = "sha256:04d19392716af6b029411a0264d92093b6e5e8285ae97a39957b9a9c14ea72be", size = 604901, upload-time = "2025-11-24T23:26:30.34Z" },
    { url = "https://files.pythonhosted.org/packages/ce/fe/b9dfe349b83b9dee28cc42360d2c86b2cdce4cb551a2c2d27e156bcac84d/asyncpg-0.31.0-cp314-cp314t-macosx_10_15_x86_64.whl", hash = "sha256:bdb957706da132e982cc6856bb2f7b740603472b54c3ebc77fe60ea3e57e1bd2", size = 702280, upload-time = "2025-11-24T23:26:32Z" },
    { url = "https://files.pythonhosted.org/packages/6a/81/e6be6e37e560bd91e6c23ea8a6138a04fd057b08cf63d3c5055c98e81c1d/asyncpg-0.31.0-cp314-cp314t-macosx_11_0_arm64.whl", hash = "sha256:6d11b198111a72f47154fa03b85799f9be63701e068b43f84ac25da0bda9cb31", size = 682931, upload-time = "2025-11-24T23:26:33.572Z" },
    { url = "https://files.pythonhosted.org/packages/a6/45/6009040da85a1648dd5bc75b3b0a062081c483e75a1a29041ae63a0bf0dc/asyncpg-0.31.0-cp314-cp314t-manylinux2014_aarch64.manylinux_2_17_aarch64.manylinux_2_28_aarch64.whl", hash = "sha256:18c83b03bc0d1b23e6230f5bf8d4f217dc9bc08644ce0502a9d91dc9e634a9c7", size = 3581608, upload-time = "2025-11-24T23:26:35.638Z" },
    { url = "https://files.pythonhosted.org/packages/7e/06/2e3d4d7608b0b2b3adbee0d0bd6a2d29ca0fc4d8a78f8277df04e2d1fd7b/asyncpg-0.31.0-cp314-cp314t-manylinux2014_x86_64.manylinux_2_17_x86_64.manylinux_2_28_x86_64.whl", hash = "sha256:e009abc333464ff18b8f6fd146addffd9aaf63e79aa3bb40ab7a4c332d0c5e9e", size = 3498738, upload-time = "2025-11-24T23:26:37.275Z" },
    { url = "https://files.pythonhosted.org/packages/7d/aa/7d75ede780033141c51d83577ea23236ba7d3a23593929b32b49db8ed36e/asyncpg-0.31.0-cp314-cp314t-musllinux_1_2_aarch64.whl", hash = "sha256:3b1fbcb0e396a5ca435a8826a87e5c2c2cc0c8c68eb6fadf82168056b0e53a8c", size = 3401026, upload-time = "2025-11-24T23:26:39.423Z" },
    { url = "https://files.pythonhosted.org/packages/ba/7a/15e37d45e7f7c94facc1e9148c0e455e8f33c08f0b8a0b1deb2c5171771b/asyncpg-0.31.0-cp314-cp314t-musllinux_1_2_x86_64.whl", hash = "sha256:8df714dba348efcc162d2adf02d213e5fab1bd9f557e1305633e851a61814a7a", size = 3429426, upload-time = "2025-11-24T23:26:41.032Z" },
    { url = "https://files.pythonhosted.org/packages/13/d5/71437c5f6ae5f307828710efbe62163974e71237d5d46ebd2869ea052d10/asyncpg-0.31.0-cp314-cp314t-win32.whl", hash = "sha256:1b41f1afb1033f2b44f3234993b15096ddc9cd71b21a42dbd87fc6a57b43d65d", size = 614495, upload-time = "2025-11-24T23:26:42.659Z" },
    { url = "https://files.pythonhosted.org/packages/3c/d7/8fb3044eaef08a310acfe23dae9a8e2e07d305edc29a53497e52bc76eca7/asyncpg-0.31.0-cp314-cp314t-win_amd64.whl", hash = "sha256:bd4107bb7cdd0e9e65fae66a62afd3a249663b844fa34d479f6d5b3bef9c04c3", size = 706062, upload-time = "2025-11-24T23:26:44.086Z" },
]

[[package]]
name = "b"
version = "1.0.0"
source = { registry = "https://pypi.org/simple" }
sdist = { url = "https://files.pythonhosted.org/packages/f8/81/be6676b0aa0d41fe3946e2914249995a5633fe710aea95c288e5e2e51927/b-1.0.0.zip", hash = "sha256:5c08abc11f817bd422700427c5aac1c640dd47f2c3549dba65ec8a1236368206", size = 770, upload-time = "2013-11-27T12:51:20.681Z" }

[[package]]
name = "black"
version = "25.12.0"
source = { registry = "https://pypi.org/simple" }
dependencies = [
    { name = "click" },
    { name = "mypy-extensions" },
    { name = "packaging" },
    { name = "pathspec" },
    { name = "platformdirs" },
    { name = "pytokens" },
]
sdist = { url = "https://files.pythonhosted.org/packages/c4/d9/07b458a3f1c525ac392b5edc6b191ff140b596f9d77092429417a54e249d/black-25.12.0.tar.gz", hash = "sha256:8d3dd9cea14bff7ddc0eb243c811cdb1a011ebb4800a5f0335a01a68654796a7", size = 659264, upload-time = "2025-12-08T01:40:52.501Z" }
wheels = [
    { url = "https://files.pythonhosted.org/packages/60/ad/7ac0d0e1e0612788dbc48e62aef8a8e8feffac7eb3d787db4e43b8462fa8/black-25.12.0-cp311-cp311-macosx_10_9_x86_64.whl", hash = "sha256:d0cfa263e85caea2cff57d8f917f9f51adae8e20b610e2b23de35b5b11ce691a", size = 1877003, upload-time = "2025-12-08T01:43:29.967Z" },
    { url = "https://files.pythonhosted.org/packages/e8/dd/a237e9f565f3617a88b49284b59cbca2a4f56ebe68676c1aad0ce36a54a7/black-25.12.0-cp311-cp311-macosx_11_0_arm64.whl", hash = "sha256:1a2f578ae20c19c50a382286ba78bfbeafdf788579b053d8e4980afb079ab9be", size = 1712639, upload-time = "2025-12-08T01:52:46.756Z" },
    { url = "https://files.pythonhosted.org/packages/12/80/e187079df1ea4c12a0c63282ddd8b81d5107db6d642f7d7b75a6bcd6fc21/black-25.12.0-cp311-cp311-manylinux2014_x86_64.manylinux_2_17_x86_64.manylinux_2_28_x86_64.whl", hash = "sha256:d3e1b65634b0e471d07ff86ec338819e2ef860689859ef4501ab7ac290431f9b", size = 1758143, upload-time = "2025-12-08T01:45:29.137Z" },
    { url = "https://files.pythonhosted.org/packages/93/b5/3096ccee4f29dc2c3aac57274326c4d2d929a77e629f695f544e159bfae4/black-25.12.0-cp311-cp311-win_amd64.whl", hash = "sha256:a3fa71e3b8dd9f7c6ac4d818345237dfb4175ed3bf37cd5a581dbc4c034f1ec5", size = 1420698, upload-time = "2025-12-08T01:45:53.379Z" },
    { url = "https://files.pythonhosted.org/packages/7e/39/f81c0ffbc25ffbe61c7d0385bf277e62ffc3e52f5ee668d7369d9854fadf/black-25.12.0-cp311-cp311-win_arm64.whl", hash = "sha256:51e267458f7e650afed8445dc7edb3187143003d52a1b710c7321aef22aa9655", size = 1229317, upload-time = "2025-12-08T01:46:35.606Z" },
    { url = "https://files.pythonhosted.org/packages/d1/bd/26083f805115db17fda9877b3c7321d08c647df39d0df4c4ca8f8450593e/black-25.12.0-cp312-cp312-macosx_10_13_x86_64.whl", hash = "sha256:31f96b7c98c1ddaeb07dc0f56c652e25bdedaac76d5b68a059d998b57c55594a", size = 1924178, upload-time = "2025-12-08T01:49:51.048Z" },
    { url = "https://files.pythonhosted.org/packages/89/6b/ea00d6651561e2bdd9231c4177f4f2ae19cc13a0b0574f47602a7519b6ca/black-25.12.0-cp312-cp312-macosx_11_0_arm64.whl", hash = "sha256:05dd459a19e218078a1f98178c13f861fe6a9a5f88fc969ca4d9b49eb1809783", size = 1742643, upload-time = "2025-12-08T01:49:59.09Z" },
    { url = "https://files.pythonhosted.org/packages/6d/f3/360fa4182e36e9875fabcf3a9717db9d27a8d11870f21cff97725c54f35b/black-25.12.0-cp312-cp312-manylinux2014_x86_64.manylinux_2_17_x86_64.manylinux_2_28_x86_64.whl", hash = "sha256:c1f68c5eff61f226934be6b5b80296cf6939e5d2f0c2f7d543ea08b204bfaf59", size = 1800158, upload-time = "2025-12-08T01:44:27.301Z" },
    { url = "https://files.pythonhosted.org/packages/f8/08/2c64830cb6616278067e040acca21d4f79727b23077633953081c9445d61/black-25.12.0-cp312-cp312-win_amd64.whl", hash = "sha256:274f940c147ddab4442d316b27f9e332ca586d39c85ecf59ebdea82cc9ee8892", size = 1426197, upload-time = "2025-12-08T01:45:51.198Z" },
    { url = "https://files.pythonhosted.org/packages/d4/60/a93f55fd9b9816b7432cf6842f0e3000fdd5b7869492a04b9011a133ee37/black-25.12.0-cp312-cp312-win_arm64.whl", hash = "sha256:169506ba91ef21e2e0591563deda7f00030cb466e747c4b09cb0a9dae5db2f43", size = 1237266, upload-time = "2025-12-08T01:45:10.556Z" },
    { url = "https://files.pythonhosted.org/packages/c8/52/c551e36bc95495d2aa1a37d50566267aa47608c81a53f91daa809e03293f/black-25.12.0-cp313-cp313-macosx_10_13_x86_64.whl", hash = "sha256:a05ddeb656534c3e27a05a29196c962877c83fa5503db89e68857d1161ad08a5", size = 1923809, upload-time = "2025-12-08T01:46:55.126Z" },
    { url = "https://files.pythonhosted.org/packages/a0/f7/aac9b014140ee56d247e707af8db0aae2e9efc28d4a8aba92d0abd7ae9d1/black-25.12.0-cp313-cp313-macosx_11_0_arm64.whl", hash = "sha256:9ec77439ef3e34896995503865a85732c94396edcc739f302c5673a2315e1e7f", size = 1742384, upload-time = "2025-12-08T01:49:37.022Z" },
    { url = "https://files.pythonhosted.org/packages/74/98/38aaa018b2ab06a863974c12b14a6266badc192b20603a81b738c47e902e/black-25.12.0-cp313-cp313-manylinux2014_x86_64.manylinux_2_17_x86_64.manylinux_2_28_x86_64.whl", hash = "sha256:0e509c858adf63aa61d908061b52e580c40eae0dfa72415fa47ac01b12e29baf", size = 1798761, upload-time = "2025-12-08T01:46:05.386Z" },
    { url = "https://files.pythonhosted.org/packages/16/3a/a8ac542125f61574a3f015b521ca83b47321ed19bb63fe6d7560f348bfe1/black-25.12.0-cp313-cp313-win_amd64.whl", hash = "sha256:252678f07f5bac4ff0d0e9b261fbb029fa530cfa206d0a636a34ab445ef8ca9d", size = 1429180, upload-time = "2025-12-08T01:45:34.903Z" },
    { url = "https://files.pythonhosted.org/packages/e6/2d/bdc466a3db9145e946762d52cd55b1385509d9f9004fec1c97bdc8debbfb/black-25.12.0-cp313-cp313-win_arm64.whl", hash = "sha256:bc5b1c09fe3c931ddd20ee548511c64ebf964ada7e6f0763d443947fd1c603ce", size = 1239350, upload-time = "2025-12-08T01:46:09.458Z" },
    { url = "https://files.pythonhosted.org/packages/35/46/1d8f2542210c502e2ae1060b2e09e47af6a5e5963cb78e22ec1a11170b28/black-25.12.0-cp314-cp314-macosx_10_15_x86_64.whl", hash = "sha256:0a0953b134f9335c2434864a643c842c44fba562155c738a2a37a4d61f00cad5", size = 1917015, upload-time = "2025-12-08T01:53:27.987Z" },
    { url = "https://files.pythonhosted.org/packages/41/37/68accadf977672beb8e2c64e080f568c74159c1aaa6414b4cd2aef2d7906/black-25.12.0-cp314-cp314-macosx_11_0_arm64.whl", hash = "sha256:2355bbb6c3b76062870942d8cc450d4f8ac71f9c93c40122762c8784df49543f", size = 1741830, upload-time = "2025-12-08T01:54:36.861Z" },
    { url = "https://files.pythonhosted.org/packages/ac/76/03608a9d8f0faad47a3af3a3c8c53af3367f6c0dd2d23a84710456c7ac56/black-25.12.0-cp314-cp314-manylinux2014_x86_64.manylinux_2_17_x86_64.manylinux_2_28_x86_64.whl", hash = "sha256:9678bd991cc793e81d19aeeae57966ee02909877cb65838ccffef24c3ebac08f", size = 1791450, upload-time = "2025-12-08T01:44:52.581Z" },
    { url = "https://files.pythonhosted.org/packages/06/99/b2a4bd7dfaea7964974f947e1c76d6886d65fe5d24f687df2d85406b2609/black-25.12.0-cp314-cp314-win_amd64.whl", hash = "sha256:97596189949a8aad13ad12fcbb4ae89330039b96ad6742e6f6b45e75ad5cfd83", size = 1452042, upload-time = "2025-12-08T01:46:13.188Z" },
    { url = "https://files.pythonhosted.org/packages/b2/7c/d9825de75ae5dd7795d007681b752275ea85a1c5d83269b4b9c754c2aaab/black-25.12.0-cp314-cp314-win_arm64.whl", hash = "sha256:778285d9ea197f34704e3791ea9404cd6d07595745907dd2ce3da7a13627b29b", size = 1267446, upload-time = "2025-12-08T01:46:14.497Z" },
    { url = "https://files.pythonhosted.org/packages/68/11/21331aed19145a952ad28fca2756a1433ee9308079bd03bd898e903a2e53/black-25.12.0-py3-none-any.whl", hash = "sha256:48ceb36c16dbc84062740049eef990bb2ce07598272e673c17d1a7720c71c828", size = 206191, upload-time = "2025-12-08T01:40:50.963Z" },
]

[[package]]
name = "certifi"
version = "2025.11.12"
source = { registry = "https://pypi.org/simple" }
sdist = { url = "https://files.pythonhosted.org/packages/a2/8c/58f469717fa48465e4a50c014a0400602d3c437d7c0c468e17ada824da3a/certifi-2025.11.12.tar.gz", hash = "sha256:d8ab5478f2ecd78af242878415affce761ca6bc54a22a27e026d7c25357c3316", size = 160538, upload-time = "2025-11-12T02:54:51.517Z" }
wheels = [
    { url = "https://files.pythonhosted.org/packages/70/7d/9bc192684cea499815ff478dfcdc13835ddf401365057044fb721ec6bddb/certifi-2025.11.12-py3-none-any.whl", hash = "sha256:97de8790030bbd5c2d96b7ec782fc2f7820ef8dba6db909ccf95449f2d062d4b", size = 159438, upload-time = "2025-11-12T02:54:49.735Z" },
]

[[package]]
name = "click"
version = "8.3.1"
source = { registry = "https://pypi.org/simple" }
dependencies = [
    { name = "colorama", marker = "sys_platform == 'win32'" },
]
sdist = { url = "https://files.pythonhosted.org/packages/3d/fa/656b739db8587d7b5dfa22e22ed02566950fbfbcdc20311993483657a5c0/click-8.3.1.tar.gz", hash = "sha256:12ff4785d337a1bb490bb7e9c2b1ee5da3112e94a8622f26a6c77f5d2fc6842a", size = 295065, upload-time = "2025-11-15T20:45:42.706Z" }
wheels = [
    { url = "https://files.pythonhosted.org/packages/98/78/01c019cdb5d6498122777c1a43056ebb3ebfeef2076d9d026bfe15583b2b/click-8.3.1-py3-none-any.whl", hash = "sha256:981153a64e25f12d547d3426c367a4857371575ee7ad18df2a6183ab0545b2a6", size = 108274, upload-time = "2025-11-15T20:45:41.139Z" },
]

[[package]]
name = "colorama"
version = "0.4.6"
source = { registry = "https://pypi.org/simple" }
sdist = { url = "https://files.pythonhosted.org/packages/d8/53/6f443c9a4a8358a93a6792e2acffb9d9d5cb0a5cfd8802644b7b1c9a02e4/colorama-0.4.6.tar.gz", hash = "sha256:08695f5cb7ed6e0531a20572697297273c47b8cae5a63ffc6d6ed5c201be6e44", size = 27697, upload-time = "2022-10-25T02:36:22.414Z" }
wheels = [
    { url = "https://files.pythonhosted.org/packages/d1/d6/3965ed04c63042e047cb6a3e6ed1a63a35087b6a609aa3a15ed8ac56c221/colorama-0.4.6-py2.py3-none-any.whl", hash = "sha256:4f1d9991f5acc0ca119f9d443620b77f9d6b33703e51011c16baf57afb285fc6", size = 25335, upload-time = "2022-10-25T02:36:20.889Z" },
]

[[package]]
name = "edgedb"
version = "2.2.0"
source = { registry = "https://pypi.org/simple" }
dependencies = [
    { name = "certifi", marker = "sys_platform == 'win32'" },
]
sdist = { url = "https://files.pythonhosted.org/packages/b7/bd/5fa8967755ec169d07b4e52684897a612bebb3d2086d2eade79c33642630/edgedb-2.2.0.tar.gz", hash = "sha256:3ddbb841fe80d25ede524535dd52878cf74adae8c920e1f5dd912cddf66fe5f8", size = 1276984, upload-time = "2024-11-06T20:03:18.881Z" }
wheels = [
    { url = "https://files.pythonhosted.org/packages/7b/41/8adb0d1998ef8166356822f57e5877d69a6f2eb1dfa84a7e00b340c70888/edgedb-2.2.0-cp311-cp311-macosx_10_9_x86_64.whl", hash = "sha256:fc29f02fbe5e3d8132f662dfec5a61ce29601fffa0ed6cbe3452ffe485e1daec", size = 2057348, upload-time = "2024-11-06T20:02:38.607Z" },
    { url = "https://files.pythonhosted.org/packages/c2/32/c6cf7022d1150b0686c550b39814c236d83af144d5791bf734c80f5a44ab/edgedb-2.2.0-cp311-cp311-macosx_11_0_arm64.whl", hash = "sha256:915c18080edae53cba1e4473dedc1006218f7fed5aa890194eb21d1cb51101b7", size = 2024606, upload-time = "2024-11-06T20:02:40.708Z" },
    { url = "https://files.pythonhosted.org/packages/f5/e1/557268764dd1ec4f1ba4a09a1d856a4e361ab0b48e6c7dfc0b7938e37cc4/edgedb-2.2.0-cp311-cp311-manylinux_2_17_aarch64.manylinux2014_aarch64.whl", hash = "sha256:87e42dcae39694e2962c6543bc292fccae09ae57fd92d3df9717d93da84a3d07", size = 5247608, upload-time = "2024-11-06T20:02:43.09Z" },
    { url = "https://files.pythonhosted.org/packages/4e/48/871006e46c2ece615c665d49f61bf106ead4c885df6050843e462ababce8/edgedb-2.2.0-cp311-cp311-manylinux_2_17_x86_64.manylinux2014_x86_64.whl", hash = "sha256:fe9a7b8aa75470d1035fd300b60df9b2fbdcff0880e888849ac4778d7dee5482", size = 5285358, upload-time = "2024-11-06T20:02:45.24Z" },
    { url = "https://files.pythonhosted.org/packages/8f/43/e174aa2b0c3794c059ebe54bf7570343c6c004fb5fd0e1a9710f02c0286b/edgedb-2.2.0-cp311-cp311-win_amd64.whl", hash = "sha256:128bda5fdf5cacabbdc84fc315011e43d2001d17ba4da416e11cec73cb9cc8bd", size = 1992991, upload-time = "2024-11-06T20:02:46.903Z" },
    { url = "https://files.pythonhosted.org/packages/1e/f6/40c0555c5907a196a083be51f37cf95af2ec60cfe6b6b05f872f6e2f32aa/edgedb-2.2.0-cp312-cp312-macosx_10_9_x86_64.whl", hash = "sha256:235fc54f473303452e63c8f865a278ccfd1501bc1086b5f46621b9c7804f86ee", size = 2058209, upload-time = "2024-11-06T20:02:48.524Z" },
    { url = "https://files.pythonhosted.org/packages/36/62/1feed721a90b3e2ebef2cab1b010132e6e33a6b1fed82780cd0bdbcd8a7a/edgedb-2.2.0-cp312-cp312-macosx_11_0_arm64.whl", hash = "sha256:854ca65508f797474730e9b1c521b46c460a8307b279a88023436afa11e09ce2", size = 2014831, upload-time = "2024-11-06T20:02:50.326Z" },
    { url = "https://files.pythonhosted.org/packages/7b/c6/932ae9fddd0e04c4b7dc7584c9abc4b354764ef15a4bb228731f0680a773/edgedb-2.2.0-cp312-cp312-manylinux_2_17_aarch64.manylinux2014_aarch64.whl", hash = "sha256:05db28f8dcaaa349fad73bf0217a1dea498e55c7db70acc967d742dc88a63236", size = 5699155, upload-time = "2024-11-06T20:02:52.058Z" },
    { url = "https://files.pythonhosted.org/packages/8a/09/926c13ced80a2293f6b6fe13e1d4c668b02558ba164798f09c5894b0174b/edgedb-2.2.0-cp312-cp312-manylinux_2_17_x86_64.manylinux2014_x86_64.whl", hash = "sha256:51642e583106873f5fc769dde4f9d85a9fb15d8df5ed1dd8a089b893da572d7e", size = 5806267, upload-time = "2024-11-06T20:02:54.012Z" },
    { url = "https://files.pythonhosted.org/packages/c9/10/5fd93f5dcba90bb3a91700623a0ca046067c1b88370e55c2821e68b2a631/edgedb-2.2.0-cp312-cp312-win_amd64.whl", hash = "sha256:cc013be975519b1428936a2a9391998e4fa2fd0befa865961ae8131834e543cf", size = 1981984, upload-time = "2024-11-06T20:02:55.744Z" },
]

[[package]]
name = "mypy-extensions"
version = "1.1.0"
source = { registry = "https://pypi.org/simple" }
sdist = { url = "https://files.pythonhosted.org/packages/a2/6e/371856a3fb9d31ca8dac321cda606860fa4548858c0cc45d9d1d4ca2628b/mypy_extensions-1.1.0.tar.gz", hash = "sha256:52e68efc3284861e772bbcd66823fde5ae21fd2fdb51c62a211403730b916558", size = 6343, upload-time = "2025-04-22T14:54:24.164Z" }
wheels = [
    { url = "https://files.pythonhosted.org/packages/79/7b/2c79738432f5c924bef5071f933bcc9efd0473bac3b4aa584a6f7c1c8df8/mypy_extensions-1.1.0-py3-none-any.whl", hash = "sha256:1be4cccdb0f2482337c4743e60421de3a356cd97508abadd57d47403e94f5505", size = 4963, upload-time = "2025-04-22T14:54:22.983Z" },
]

[[package]]
name = "packaging"
version = "25.0"
source = { registry = "https://pypi.org/simple" }
sdist = { url = "https://files.pythonhosted.org/packages/a1/d4/1fc4078c65507b51b96ca8f8c3ba19e6a61c8253c72794544580a7b6c24d/packaging-25.0.tar.gz", hash = "sha256:d443872c98d677bf60f6a1f2f8c1cb748e8fe762d2bf9d3148b5599295b0fc4f", size = 165727, upload-time = "2025-04-19T11:48:59.673Z" }
wheels = [
    { url = "https://files.pythonhosted.org/packages/20/12/38679034af332785aac8774540895e234f4d07f7545804097de4b666afd8/packaging-25.0-py3-none-any.whl", hash = "sha256:29572ef2b1f17581046b3a2227d5c611fb25ec70ca1ba8554b24b0e69331a484", size = 66469, upload-time = "2025-04-19T11:48:57.875Z" },
]

[[package]]
name = "pathspec"
version = "0.12.1"
source = { registry = "https://pypi.org/simple" }
sdist = { url = "https://files.pythonhosted.org/packages/ca/bc/f35b8446f4531a7cb215605d100cd88b7ac6f44ab3fc94870c120ab3adbf/pathspec-0.12.1.tar.gz", hash = "sha256:a482d51503a1ab33b1c67a6c3813a26953dbdc71c31dacaef9a838c4e29f5712", size = 51043, upload-time = "2023-12-10T22:30:45Z" }
wheels = [
    { url = "https://files.pythonhosted.org/packages/cc/20/ff623b09d963f88bfde16306a54e12ee5ea43e9b597108672ff3a408aad6/pathspec-0.12.1-py3-none-any.whl", hash = "sha256:a0d503e138a4c123b27490a4f7beda6a01c6f288df0e4a8b79c7eb0dc7b4cc08", size = 31191, upload-time = "2023-12-10T22:30:43.14Z" },
]

[[package]]
name = "platformdirs"
version = "4.5.1"
source = { registry = "https://pypi.org/simple" }
sdist = { url = "https://files.pythonhosted.org/packages/cf/86/0248f086a84f01b37aaec0fa567b397df1a119f73c16f6c7a9aac73ea309/platformdirs-4.5.1.tar.gz", hash = "sha256:61d5cdcc6065745cdd94f0f878977f8de9437be93de97c1c12f853c9c0cdcbda", size = 21715, upload-time = "2025-12-05T13:52:58.638Z" }
wheels = [
    { url = "https://files.pythonhosted.org/packages/cb/28/3bfe2fa5a7b9c46fe7e13c97bda14c895fb10fa2ebf1d0abb90e0cea7ee1/platformdirs-4.5.1-py3-none-any.whl", hash = "sha256:d03afa3963c806a9bed9d5125c8f4cb2fdaf74a55ab60e5d59b3fde758104d31", size = 18731, upload-time = "2025-12-05T13:52:56.823Z" },
]

[[package]]
name = "pytokens"
version = "0.3.0"
source = { registry = "https://pypi.org/simple" }
sdist = { url = "https://files.pythonhosted.org/packages/4e/8d/a762be14dae1c3bf280202ba3172020b2b0b4c537f94427435f19c413b72/pytokens-0.3.0.tar.gz", hash = "sha256:2f932b14ed08de5fcf0b391ace2642f858f1394c0857202959000b68ed7a458a", size = 17644, upload-time = "2025-11-05T13:36:35.34Z" }
wheels = [
    { url = "https://files.pythonhosted.org/packages/84/25/d9db8be44e205a124f6c98bc0324b2bb149b7431c53877fc6d1038dddaf5/pytokens-0.3.0-py3-none-any.whl", hash = "sha256:95b2b5eaf832e469d141a378872480ede3f251a5a5041b8ec6e581d3ac71bbf3", size = 12195, upload-time = "2025-11-05T13:36:33.183Z" },
]
